
Microsoft Visual Studio Solution File, Format Version 12.00
# Visual Studio 2012
Project("{FAE04EC0-301F-11D3-BF4B-00C04F79EFBC}") = "PrintDiamond1", "PrintDiamond1\PrintDiamond1.csproj", "{FE617B81-0934-473C-AFF7-AA2D90ACB547}"
EndProject
Global
	GlobalSection(SolutionConfigurationPlatforms) = preSolution
		Debug|Any CPU = Debug|Any CPU
		Release|Any CPU = Release|Any CPU
	EndGlobalSection
	GlobalSection(ProjectConfigurationPlatforms) = postSolution
		{FE617B81-0934-473C-AFF7-AA2D90ACB547}.Debug|Any CPU.ActiveCfg = Debug|Any CPU
		{FE617B81-0934-473C-AFF7-AA2D90ACB547}.Debug|Any CPU.Build.0 = Debug|Any CPU
		{FE617B81-0934-473C-AFF7-AA2D90ACB547}.Release|Any CPU.ActiveCfg = Release|Any CPU
		{FE617B81-0934-473C-AFF7-AA2D90ACB547}.Release|Any CPU.Build.0 = Release|Any CPU
	EndGlobalSection
	GlobalSection(SolutionProperties) = preSolution
		HideSolutionNode = FALSE
	EndGlobalSection
EndGlobal
